// !$*UTF8*$!
{
	archiveVersion = 1;
	classes = {
	};
	objectVersion = 46;
	objects = {

/* Begin PBXBuildFile section */
		463E8F841C5F9EC6007A0E24 /* ResultViewController.swift in Sources */ = {isa = PBXBuildFile; fileRef = 463E8F831C5F9EC6007A0E24 /* ResultViewController.swift */; };
		468382161C717CC7001DC810 /* start.png in Resources */ = {isa = PBXBuildFile; fileRef = 468382151C717CC7001DC810 /* start.png */; };
		4683821A1C7185C4001DC810 /* programming_quiz.png in Resources */ = {isa = PBXBuildFile; fileRef = 468382191C7185C4001DC810 /* programming_quiz.png */; };
		4683821C1C718F73001DC810 /* Default-568h@2x.png in Resources */ = {isa = PBXBuildFile; fileRef = 4683821B1C718F73001DC810 /* Default-568h@2x.png */; };
		4683821E1C7193C4001DC810 /* ViewController.swift in Sources */ = {isa = PBXBuildFile; fileRef = 4683821D1C7193C4001DC810 /* ViewController.swift */; };
		468382251C719FC9001DC810 /* Icon-40@2x.png in Resources */ = {isa = PBXBuildFile; fileRef = 4683821F1C719FC9001DC810 /* Icon-40@2x.png */; };
		468382261C719FC9001DC810 /* Icon-40@3x.png in Resources */ = {isa = PBXBuildFile; fileRef = 468382201C719FC9001DC810 /* Icon-40@3x.png */; };
		468382271C719FC9001DC810 /* Icon-60@2x.png in Resources */ = {isa = PBXBuildFile; fileRef = 468382211C719FC9001DC810 /* Icon-60@2x.png */; };
		468382281C719FC9001DC810 /* Icon-60@3x.png in Resources */ = {isa = PBXBuildFile; fileRef = 468382221C719FC9001DC810 /* Icon-60@3x.png */; };
		468382291C719FC9001DC810 /* Icon-Small@2x.png in Resources */ = {isa = PBXBuildFile; fileRef = 468382231C719FC9001DC810 /* Icon-Small@2x.png */; };
		4683822A1C719FC9001DC810 /* Icon-Small@3x.png in Resources */ = {isa = PBXBuildFile; fileRef = 468382241C719FC9001DC810 /* Icon-Small@3x.png */; };
		46D971C61C5E55D500A742A9 /* AppDelegate.swift in Sources */ = {isa = PBXBuildFile; fileRef = 46D971C51C5E55D500A742A9 /* AppDelegate.swift */; };
		46D971C81C5E55D500A742A9 /* QuizViewController.swift in Sources */ = {isa = PBXBuildFile; fileRef = 46D971C71C5E55D500A742A9 /* QuizViewController.swift */; };
		46D971CB1C5E55D500A742A9 /* Main.storyboard in Resources */ = {isa = PBXBuildFile; fileRef = 46D971C91C5E55D500A742A9 /* Main.storyboard */; settings = {ASSET_TAGS = (1, ); }; };
		46D971CD1C5E55D500A742A9 /* Assets.xcassets in Resources */ = {isa = PBXBuildFile; fileRef = 46D971CC1C5E55D500A742A9 /* Assets.xcassets */; };
		46D971D01C5E55D500A742A9 /* LaunchScreen.storyboard in Resources */ = {isa = PBXBuildFile; fileRef = 46D971CE1C5E55D500A742A9 /* LaunchScreen.storyboard */; };
		46D971DB1C5E55D500A742A9 /* QuizTests.swift in Sources */ = {isa = PBXBuildFile; fileRef = 46D971DA1C5E55D500A742A9 /* QuizTests.swift */; };
		46D971E61C5E55D500A742A9 /* QuizUITests.swift in Sources */ = {isa = PBXBuildFile; fileRef = 46D971E51C5E55D500A742A9 /* QuizUITests.swift */; };
/* End PBXBuildFile section */

/* Begin PBXContainerItemProxy section */
		46D971D71C5E55D500A742A9 /* PBXContainerItemProxy */ = {
			isa = PBXContainerItemProxy;
			containerPortal = 46D971BA1C5E55D500A742A9 /* Project object */;
			proxyType = 1;
			remoteGlobalIDString = 46D971C11C5E55D500A742A9;
			remoteInfo = Quiz;
		};
		46D971E21C5E55D500A742A9 /* PBXContainerItemProxy */ = {
			isa = PBXContainerItemProxy;
			containerPortal = 46D971BA1C5E55D500A742A9 /* Project object */;
			proxyType = 1;
			remoteGlobalIDString = 46D971C11C5E55D500A742A9;
			remoteInfo = Quiz;
		};
/* End PBXContainerItemProxy section */

/* Begin PBXFileReference section */
		463E8F831C5F9EC6007A0E24 /* ResultViewController.swift */ = {isa = PBXFileReference; fileEncoding = 4; lastKnownFileType = sourcecode.swift; path = ResultViewController.swift; sourceTree = "<group>"; };
		468382151C717CC7001DC810 /* start.png */ = {isa = PBXFileReference; lastKnownFileType = image.png; path = start.png; sourceTree = "<group>"; };
		468382191C7185C4001DC810 /* programming_quiz.png */ = {isa = PBXFileReference; lastKnownFileType = image.png; path = programming_quiz.png; sourceTree = "<group>"; };
		4683821B1C718F73001DC810 /* Default-568h@2x.png */ = {isa = PBXFileReference; lastKnownFileType = image.png; path = "Default-568h@2x.png"; sourceTree = "<group>"; };
		4683821D1C7193C4001DC810 /* ViewController.swift */ = {isa = PBXFileReference; fileEncoding = 4; lastKnownFileType = sourcecode.swift; path = ViewController.swift; sourceTree = "<group>"; };
		4683821F1C719FC9001DC810 /* Icon-40@2x.png */ = {isa = PBXFileReference; lastKnownFileType = image.png; path = "Icon-40@2x.png"; sourceTree = "<group>"; };
		468382201C719FC9001DC810 /* Icon-40@3x.png */ = {isa = PBXFileReference; lastKnownFileType = image.png; path = "Icon-40@3x.png"; sourceTree = "<group>"; };
		468382211C719FC9001DC810 /* Icon-60@2x.png */ = {isa = PBXFileReference; lastKnownFileType = image.png; path = "Icon-60@2x.png"; sourceTree = "<group>"; };
		468382221C719FC9001DC810 /* Icon-60@3x.png */ = {isa = PBXFileReference; lastKnownFileType = image.png; path = "Icon-60@3x.png"; sourceTree = "<group>"; };
		468382231C719FC9001DC810 /* Icon-Small@2x.png */ = {isa = PBXFileReference; lastKnownFileType = image.png; path = "Icon-Small@2x.png"; sourceTree = "<group>"; };
		468382241C719FC9001DC810 /* Icon-Small@3x.png */ = {isa = PBXFileReference; lastKnownFileType = image.png; path = "Icon-Small@3x.png"; sourceTree = "<group>"; };
		46D971C21C5E55D500A742A9 /* Quiz.app */ = {isa = PBXFileReference; explicitFileType = wrapper.application; includeInIndex = 0; path = Quiz.app; sourceTree = BUILT_PRODUCTS_DIR; };
		46D971C51C5E55D500A742A9 /* AppDelegate.swift */ = {isa = PBXFileReference; lastKnownFileType = sourcecode.swift; path = AppDelegate.swift; sourceTree = "<group>"; };
		46D971C71C5E55D500A742A9 /* QuizViewController.swift */ = {isa = PBXFileReference; lastKnownFileType = sourcecode.swift; path = QuizViewController.swift; sourceTree = "<group>"; };
		46D971CA1C5E55D500A742A9 /* Base */ = {isa = PBXFileReference; lastKnownFileType = file.storyboard; name = Base; path = Base.lproj/Main.storyboard; sourceTree = "<group>"; };
		46D971CC1C5E55D500A742A9 /* Assets.xcassets */ = {isa = PBXFileReference; lastKnownFileType = folder.assetcatalog; path = Assets.xcassets; sourceTree = "<group>"; };
		46D971CF1C5E55D500A742A9 /* Base */ = {isa = PBXFileReference; lastKnownFileType = file.storyboard; name = Base; path = Base.lproj/LaunchScreen.storyboard; sourceTree = "<group>"; };
		46D971D11C5E55D500A742A9 /* Info.plist */ = {isa = PBXFileReference; lastKnownFileType = text.plist.xml; path = Info.plist; sourceTree = "<group>"; };
		46D971D61C5E55D500A742A9 /* QuizTests.xctest */ = {isa = PBXFileReference; explicitFileType = wrapper.cfbundle; includeInIndex = 0; path = QuizTests.xctest; sourceTree = BUILT_PRODUCTS_DIR; };
		46D971DA1C5E55D500A742A9 /* QuizTests.swift */ = {isa = PBXFileReference; lastKnownFileType = sourcecode.swift; path = QuizTests.swift; sourceTree = "<group>"; };
		46D971DC1C5E55D500A742A9 /* Info.plist */ = {isa = PBXFileReference; lastKnownFileType = text.plist.xml; path = Info.plist; sourceTree = "<group>"; };
		46D971E11C5E55D500A742A9 /* QuizUITests.xctest */ = {isa = PBXFileReference; explicitFileType = wrapper.cfbundle; includeInIndex = 0; path = QuizUITests.xctest; sourceTree = BUILT_PRODUCTS_DIR; };
		46D971E51C5E55D500A742A9 /* QuizUITests.swift */ = {isa = PBXFileReference; lastKnownFileType = sourcecode.swift; path = QuizUITests.swift; sourceTree = "<group>"; };
		46D971E71C5E55D500A742A9 /* Info.plist */ = {isa = PBXFileReference; lastKnownFileType = text.plist.xml; path = Info.plist; sourceTree = "<group>"; };
/* End PBXFileReference section */

/* Begin PBXFrameworksBuildPhase section */
		46D971BF1C5E55D500A742A9 /* Frameworks */ = {
			isa = PBXFrameworksBuildPhase;
			buildActionMask = 2147483647;
			files = (
			);
			runOnlyForDeploymentPostprocessing = 0;
		};
		46D971D31C5E55D500A742A9 /* Frameworks */ = {
			isa = PBXFrameworksBuildPhase;
			buildActionMask = 2147483647;
			files = (
			);
			runOnlyForDeploymentPostprocessing = 0;
		};
		46D971DE1C5E55D500A742A9 /* Frameworks */ = {
			isa = PBXFrameworksBuildPhase;
			buildActionMask = 2147483647;
			files = (
			);
			runOnlyForDeploymentPostprocessing = 0;
		};
/* End PBXFrameworksBuildPhase section */

/* Begin PBXGroup section */
		46D971B91C5E55D500A742A9 = {
			isa = PBXGroup;
			children = (
				4683821B1C718F73001DC810 /* Default-568h@2x.png */,
				46D971C41C5E55D500A742A9 /* Quiz */,
				46D971D91C5E55D500A742A9 /* QuizTests */,
				46D971E41C5E55D500A742A9 /* QuizUITests */,
				46D971C31C5E55D500A742A9 /* Products */,
			);
			sourceTree = "<group>";
		};
		46D971C31C5E55D500A742A9 /* Products */ = {
			isa = PBXGroup;
			children = (
				46D971C21C5E55D500A742A9 /* Quiz.app */,
				46D971D61C5E55D500A742A9 /* QuizTests.xctest */,
				46D971E11C5E55D500A742A9 /* QuizUITests.xctest */,
			);
			name = Products;
			sourceTree = "<group>";
		};
		46D971C41C5E55D500A742A9 /* Quiz */ = {
			isa = PBXGroup;
			children = (
				46D971C51C5E55D500A742A9 /* AppDelegate.swift */,
				46D971C71C5E55D500A742A9 /* QuizViewController.swift */,
				463E8F831C5F9EC6007A0E24 /* ResultViewController.swift */,
				468382191C7185C4001DC810 /* programming_quiz.png */,
				46D971C91C5E55D500A742A9 /* Main.storyboard */,
				46D971CC1C5E55D500A742A9 /* Assets.xcassets */,
				4683821F1C719FC9001DC810 /* Icon-40@2x.png */,
				468382201C719FC9001DC810 /* Icon-40@3x.png */,
				468382211C719FC9001DC810 /* Icon-60@2x.png */,
				468382221C719FC9001DC810 /* Icon-60@3x.png */,
				468382231C719FC9001DC810 /* Icon-Small@2x.png */,
				468382241C719FC9001DC810 /* Icon-Small@3x.png */,
				468382151C717CC7001DC810 /* start.png */,
				46D971CE1C5E55D500A742A9 /* LaunchScreen.storyboard */,
				46D971D11C5E55D500A742A9 /* Info.plist */,
				4683821D1C7193C4001DC810 /* ViewController.swift */,
			);
			path = Quiz;
			sourceTree = "<group>";
		};
		46D971D91C5E55D500A742A9 /* QuizTests */ = {
			isa = PBXGroup;
			children = (
				46D971DA1C5E55D500A742A9 /* QuizTests.swift */,
				46D971DC1C5E55D500A742A9 /* Info.plist */,
			);
			path = QuizTests;
			sourceTree = "<group>";
		};
		46D971E41C5E55D500A742A9 /* QuizUITests */ = {
			isa = PBXGroup;
			children = (
				46D971E51C5E55D500A742A9 /* QuizUITests.swift */,
				46D971E71C5E55D500A742A9 /* Info.plist */,
			);
			path = QuizUITests;
			sourceTree = "<group>";
		};
/* End PBXGroup section */

/* Begin PBXNativeTarget section */
		46D971C11C5E55D500A742A9 /* Quiz */ = {
			isa = PBXNativeTarget;
			buildConfigurationList = 46D971EA1C5E55D500A742A9 /* Build configuration list for PBXNativeTarget "Quiz" */;
			buildPhases = (
				46D971BE1C5E55D500A742A9 /* Sources */,
				46D971BF1C5E55D500A742A9 /* Frameworks */,
				46D971C01C5E55D500A742A9 /* Resources */,
			);
			buildRules = (
			);
			dependencies = (
			);
			name = Quiz;
			productName = Quiz;
			productReference = 46D971C21C5E55D500A742A9 /* Quiz.app */;
			productType = "com.apple.product-type.application";
		};
		46D971D51C5E55D500A742A9 /* QuizTests */ = {
			isa = PBXNativeTarget;
			buildConfigurationList = 46D971ED1C5E55D500A742A9 /* Build configuration list for PBXNativeTarget "QuizTests" */;
			buildPhases = (
				46D971D21C5E55D500A742A9 /* Sources */,
				46D971D31C5E55D500A742A9 /* Frameworks */,
				46D971D41C5E55D500A742A9 /* Resources */,
			);
			buildRules = (
			);
			dependencies = (
				46D971D81C5E55D500A742A9 /* PBXTargetDependency */,
			);
			name = QuizTests;
			productName = QuizTests;
			productReference = 46D971D61C5E55D500A742A9 /* QuizTests.xctest */;
			productType = "com.apple.product-type.bundle.unit-test";
		};
		46D971E01C5E55D500A742A9 /* QuizUITests */ = {
			isa = PBXNativeTarget;
			buildConfigurationList = 46D971F01C5E55D500A742A9 /* Build configuration list for PBXNativeTarget "QuizUITests" */;
			buildPhases = (
				46D971DD1C5E55D500A742A9 /* Sources */,
				46D971DE1C5E55D500A742A9 /* Frameworks */,
				46D971DF1C5E55D500A742A9 /* Resources */,
			);
			buildRules = (
			);
			dependencies = (
				46D971E31C5E55D500A742A9 /* PBXTargetDependency */,
			);
			name = QuizUITests;
			productName = QuizUITests;
			productReference = 46D971E11C5E55D500A742A9 /* QuizUITests.xctest */;
			productType = "com.apple.product-type.bundle.ui-testing";
		};
/* End PBXNativeTarget section */

/* Begin PBXProject section */
		46D971BA1C5E55D500A742A9 /* Project object */ = {
			isa = PBXProject;
			attributes = {
				KnownAssetTags = (
					1,
				);
				LastSwiftUpdateCheck = 0720;
				LastUpgradeCheck = 0720;
				ORGANIZATIONNAME = com.litech;
				TargetAttributes = {
					46D971C11C5E55D500A742A9 = {
						CreatedOnToolsVersion = 7.2;
						DevelopmentTeam = Q8H8J4PUJC;
					};
					46D971D51C5E55D500A742A9 = {
						CreatedOnToolsVersion = 7.2;
						DevelopmentTeam = Q8H8J4PUJC;
						TestTargetID = 46D971C11C5E55D500A742A9;
					};
					46D971E01C5E55D500A742A9 = {
						CreatedOnToolsVersion = 7.2;
						DevelopmentTeam = Q8H8J4PUJC;
						TestTargetID = 46D971C11C5E55D500A742A9;
					};
				};
			};
			buildConfigurationList = 46D971BD1C5E55D500A742A9 /* Build configuration list for PBXProject "Quiz" */;
			compatibilityVersion = "Xcode 3.2";
			developmentRegion = English;
			hasScannedForEncodings = 0;
			knownRegions = (
				en,
				Base,
			);
			mainGroup = 46D971B91C5E55D500A742A9;
			productRefGroup = 46D971C31C5E55D500A742A9 /* Products */;
			projectDirPath = "";
			projectRoot = "";
			targets = (
				46D971C11C5E55D500A742A9 /* Quiz */,
				46D971D51C5E55D500A742A9 /* QuizTests */,
				46D971E01C5E55D500A742A9 /* QuizUITests */,
			);
		};
/* End PBXProject section */

/* Begin PBXResourcesBuildPhase section */
		46D971C01C5E55D500A742A9 /* Resources */ = {
			isa = PBXResourcesBuildPhase;
			buildActionMask = 2147483647;
			files = (
				4683821C1C718F73001DC810 /* Default-568h@2x.png in Resources */,
				4683821A1C7185C4001DC810 /* programming_quiz.png in Resources */,
				468382161C717CC7001DC810 /* start.png in Resources */,
				46D971D01C5E55D500A742A9 /* LaunchScreen.storyboard in Resources */,
				468382251C719FC9001DC810 /* Icon-40@2x.png in Resources */,
				468382271C719FC9001DC810 /* Icon-60@2x.png in Resources */,
				4683822A1C719FC9001DC810 /* Icon-Small@3x.png in Resources */,
				468382281C719FC9001DC810 /* Icon-60@3x.png in Resources */,
				46D971CD1C5E55D500A742A9 /* Assets.xcassets in Resources */,
				468382261C719FC9001DC810 /* Icon-40@3x.png in Resources */,
				46D971CB1C5E55D500A742A9 /* Main.storyboard in Resources */,
				468382291C719FC9001DC810 /* Icon-Small@2x.png in Resources */,
			);
			runOnlyForDeploymentPostprocessing = 0;
		};
		46D971D41C5E55D500A742A9 /* Resources */ = {
			isa = PBXResourcesBuildPhase;
			buildActionMask = 2147483647;
			files = (
			);
			runOnlyForDeploymentPostprocessing = 0;
		};
		46D971DF1C5E55D500A742A9 /* Resources */ = {
			isa = PBXResourcesBuildPhase;
			buildActionMask = 2147483647;
			files = (
			);
			runOnlyForDeploymentPostprocessing = 0;
		};
/* End PBXResourcesBuildPhase section */

/* Begin PBXSourcesBuildPhase section */
		46D971BE1C5E55D500A742A9 /* Sources */ = {
			isa = PBXSourcesBuildPhase;
			buildActionMask = 2147483647;
			files = (
				46D971C81C5E55D500A742A9 /* QuizViewController.swift in Sources */,
				46D971C61C5E55D500A742A9 /* AppDelegate.swift in Sources */,
				4683821E1C7193C4001DC810 /* ViewController.swift in Sources */,
				463E8F841C5F9EC6007A0E24 /* ResultViewController.swift in Sources */,
			);
			runOnlyForDeploymentPostprocessing = 0;
		};
		46D971D21C5E55D500A742A9 /* Sources */ = {
			isa = PBXSourcesBuildPhase;
			buildActionMask = 2147483647;
			files = (
				46D971DB1C5E55D500A742A9 /* QuizTests.swift in Sources */,
			);
			runOnlyForDeploymentPostprocessing = 0;
		};
		46D971DD1C5E55D500A742A9 /* Sources */ = {
			isa = PBXSourcesBuildPhase;
			buildActionMask = 2147483647;
			files = (
				46D971E61C5E55D500A742A9 /* QuizUITests.swift in Sources */,
			);
			runOnlyForDeploymentPostprocessing = 0;
		};
/* End PBXSourcesBuildPhase section */

/* Begin PBXTargetDependency section */
		46D971D81C5E55D500A742A9 /* PBXTargetDependency */ = {
			isa = PBXTargetDependency;
			target = 46D971C11C5E55D500A742A9 /* Quiz */;
			targetProxy = 46D971D71C5E55D500A742A9 /* PBXContainerItemProxy */;
		};
		46D971E31C5E55D500A742A9 /* PBXTargetDependency */ = {
			isa = PBXTargetDependency;
			target = 46D971C11C5E55D500A742A9 /* Quiz */;
			targetProxy = 46D971E21C5E55D500A742A9 /* PBXContainerItemProxy */;
		};
/* End PBXTargetDependency section */

/* Begin PBXVariantGroup section */
		46D971C91C5E55D500A742A9 /* Main.storyboard */ = {
			isa = PBXVariantGroup;
			children = (
				46D971CA1C5E55D500A742A9 /* Base */,
			);
			name = Main.storyboard;
			sourceTree = "<group>";
		};
		46D971CE1C5E55D500A742A9 /* LaunchScreen.storyboard */ = {
			isa = PBXVariantGroup;
			children = (
				46D971CF1C5E55D500A742A9 /* Base */,
			);
			name = LaunchScreen.storyboard;
			sourceTree = "<group>";
		};
/* End PBXVariantGroup section */

/* Begin XCBuildConfiguration section */
		46D971E81C5E55D500A742A9 /* Debug */ = {
			isa = XCBuildConfiguration;
			buildSettings = {
				ALWAYS_SEARCH_USER_PATHS = NO;
				CLANG_CXX_LANGUAGE_STANDARD = "gnu++0x";
				CLANG_CXX_LIBRARY = "libc++";
				CLANG_ENABLE_MODULES = YES;
				CLANG_ENABLE_OBJC_ARC = YES;
				CLANG_WARN_BOOL_CONVERSION = YES;
				CLANG_WARN_CONSTANT_CONVERSION = YES;
				CLANG_WARN_DIRECT_OBJC_ISA_USAGE = YES_ERROR;
				CLANG_WARN_EMPTY_BODY = YES;
				CLANG_WARN_ENUM_CONVERSION = YES;
				CLANG_WARN_INT_CONVERSION = YES;
				CLANG_WARN_OBJC_ROOT_CLASS = YES_ERROR;
				CLANG_WARN_UNREACHABLE_CODE = YES;
				CLANG_WARN__DUPLICATE_METHOD_MATCH = YES;
				"CODE_SIGN_IDENTITY[sdk=iphoneos*]" = "iPhone Developer";
				COPY_PHASE_STRIP = NO;
				DEBUG_INFORMATION_FORMAT = dwarf;
				ENABLE_STRICT_OBJC_MSGSEND = YES;
				ENABLE_TESTABILITY = YES;
				GCC_C_LANGUAGE_STANDARD = gnu99;
				GCC_DYNAMIC_NO_PIC = NO;
				GCC_NO_COMMON_BLOCKS = YES;
				GCC_OPTIMIZATION_LEVEL = 0;
				GCC_PREPROCESSOR_DEFINITIONS = (
					"DEBUG=1",
					"$(inherited)",
				);
				GCC_WARN_64_TO_32_BIT_CONVERSION = YES;
				GCC_WARN_ABOUT_RETURN_TYPE = YES_ERROR;
				GCC_WARN_UNDECLARED_SELECTOR = YES;
				GCC_WARN_UNINITIALIZED_AUTOS = YES_AGGRESSIVE;
				GCC_WARN_UNUSED_FUNCTION = YES;
				GCC_WARN_UNUSED_VARIABLE = YES;
				IPHONEOS_DEPLOYMENT_TARGET = 9.2;
				MTL_ENABLE_DEBUG_INFO = YES;
				ONLY_ACTIVE_ARCH = YES;
				SDKROOT = iphoneos;
				SWIFT_OPTIMIZATION_LEVEL = "-Onone";
			};
			name = Debug;
		};
		46D971E91C5E55D500A742A9 /* Release */ = {
			isa = XCBuildConfiguration;
			buildSettings = {
				ALWAYS_SEARCH_USER_PATHS = NO;
				CLANG_CXX_LANGUAGE_STANDARD = "gnu++0x";
				CLANG_CXX_LIBRARY = "libc++";
				CLANG_ENABLE_MODULES = YES;
				CLANG_ENABLE_OBJC_ARC = YES;
				CLANG_WARN_BOOL_CONVERSION = YES;
				CLANG_WARN_CONSTANT_CONVERSION = YES;
				CLANG_WARN_DIRECT_OBJC_ISA_USAGE = YES_ERROR;
				CLANG_WARN_EMPTY_BODY = YES;
				CLANG_WARN_ENUM_CONVERSION = YES;
				CLANG_WARN_INT_CONVERSION = YES;
				CLANG_WARN_OBJC_ROOT_CLASS = YES_ERROR;
				CLANG_WARN_UNREACHABLE_CODE = YES;
				CLANG_WARN__DUPLICATE_METHOD_MATCH = YES;
				"CODE_SIGN_IDENTITY[sdk=iphoneos*]" = "iPhone Developer";
				COPY_PHASE_STRIP = NO;
				DEBUG_INFORMATION_FORMAT = "dwarf-with-dsym";
				ENABLE_NS_ASSERTIONS = NO;
				ENABLE_STRICT_OBJC_MSGSEND = YES;
				GCC_C_LANGUAGE_STANDARD = gnu99;
				GCC_NO_COMMON_BLOCKS = YES;
				GCC_WARN_64_TO_32_BIT_CONVERSION = YES;
				GCC_WARN_ABOUT_RETURN_TYPE = YES_ERROR;
				GCC_WARN_UNDECLARED_SELECTOR = YES;
				GCC_WARN_UNINITIALIZED_AUTOS = YES_AGGRESSIVE;
				GCC_WARN_UNUSED_FUNCTION = YES;
				GCC_WARN_UNUSED_VARIABLE = YES;
				IPHONEOS_DEPLOYMENT_TARGET = 9.2;
				MTL_ENABLE_DEBUG_INFO = NO;
				SDKROOT = iphoneos;
				VALIDATE_PRODUCT = YES;
			};
			name = Release;
		};
		46D971EB1C5E55D500A742A9 /* Debug */ = {
			isa = XCBuildConfiguration;
			buildSettings = {
				ASSETCATALOG_COMPILER_APPICON_NAME = AppIcon;
				INFOPLIST_FILE = Quiz/Info.plist;
				LD_RUNPATH_SEARCH_PATHS = "$(inherited) @executable_path/Frameworks";
				PRODUCT_BUNDLE_IDENTIFIER = io.github.touyou.Quiz;
				PRODUCT_NAME = "$(TARGET_NAME)";
			};
			name = Debug;
		};
		46D971EC1C5E55D500A742A9 /* Release */ = {
			isa = XCBuildConfiguration;
			buildSettings = {
				ASSETCATALOG_COMPILER_APPICON_NAME = AppIcon;
				INFOPLIST_FILE = Quiz/Info.plist;
				LD_RUNPATH_SEARCH_PATHS = "$(inherited) @executable_path/Frameworks";
				PRODUCT_BUNDLE_IDENTIFIER = io.github.touyou.Quiz;
				PRODUCT_NAME = "$(TARGET_NAME)";
			};
			name = Release;
		};
		46D971EE1C5E55D500A742A9 /* Debug */ = {
			isa = XCBuildConfiguration;
			buildSettings = {
				BUNDLE_LOADER = "$(TEST_HOST)";
				INFOPLIST_FILE = QuizTests/Info.plist;
				LD_RUNPATH_SEARCH_PATHS = "$(inherited) @executable_path/Frameworks @loader_path/Frameworks";
				PRODUCT_BUNDLE_IDENTIFIER = com.litech.QuizTests;
				PRODUCT_NAME = "$(TARGET_NAME)";
				TEST_HOST = "$(BUILT_PRODUCTS_DIR)/Quiz.app/Quiz";
			};
			name = Debug;
		};
		46D971EF1C5E55D500A742A9 /* Release */ = {
			isa = XCBuildConfiguration;
			buildSettings = {
				BUNDLE_LOADER = "$(TEST_HOST)";
				INFOPLIST_FILE = QuizTests/Info.plist;
				LD_RUNPATH_SEARCH_PATHS = "$(inherited) @executable_path/Frameworks @loader_path/Frameworks";
				PRODUCT_BUNDLE_IDENTIFIER = com.litech.QuizTests;
				PRODUCT_NAME = "$(TARGET_NAME)";
				TEST_HOST = "$(BUILT_PRODUCTS_DIR)/Quiz.app/Quiz";
			};
			name = Release;
		};
		46D971F11C5E55D500A742A9 /* Debug */ = {
			isa = XCBuildConfiguration;
			buildSettings = {
				INFOPLIST_FILE = QuizUITests/Info.plist;
				LD_RUNPATH_SEARCH_PATHS = "$(inherited) @executable_path/Frameworks @loader_path/Frameworks";
				PRODUCT_BUNDLE_IDENTIFIER = com.litech.QuizUITests;
				PRODUCT_NAME = "$(TARGET_NAME)";
				TEST_TARGET_NAME = Quiz;
				USES_XCTRUNNER = YES;
			};
			name = Debug;
		};
		46D971F21C5E55D500A742A9 /* Release */ = {
			isa = XCBuildConfiguration;
			buildSettings = {
				INFOPLIST_FILE = QuizUITests/Info.plist;
				LD_RUNPATH_SEARCH_PATHS = "$(inherited) @executable_path/Frameworks @loader_path/Frameworks";
				PRODUCT_BUNDLE_IDENTIFIER = com.litech.QuizUITests;
				PRODUCT_NAME = "$(TARGET_NAME)";
				TEST_TARGET_NAME = Quiz;
				USES_XCTRUNNER = YES;
			};
			name = Release;
		};
/* End XCBuildConfiguration section */

/* Begin XCConfigurationList section */
		46D971BD1C5E55D500A742A9 /* Build configuration list for PBXProject "Quiz" */ = {
			isa = XCConfigurationList;
			buildConfigurations = (
				46D971E81C5E55D500A742A9 /* Debug */,
				46D971E91C5E55D500A742A9 /* Release */,
			);
			defaultConfigurationIsVisible = 0;
			defaultConfigurationName = Release;
		};
		46D971EA1C5E55D500A742A9 /* Build configuration list for PBXNativeTarget "Quiz" */ = {
			isa = XCConfigurationList;
			buildConfigurations = (
				46D971EB1C5E55D500A742A9 /* Debug */,
				46D971EC1C5E55D500A742A9 /* Release */,
			);
			defaultConfigurationIsVisible = 0;
			defaultConfigurationName = Release;
		};
		46D971ED1C5E55D500A742A9 /* Build configuration list for PBXNativeTarget "QuizTests" */ = {
			isa = XCConfigurationList;
			buildConfigurations = (
				46D971EE1C5E55D500A742A9 /* Debug */,
				46D971EF1C5E55D500A742A9 /* Release */,
			);
			defaultConfigurationIsVisible = 0;
			defaultConfigurationName = Release;
		};
		46D971F01C5E55D500A742A9 /* Build configuration list for PBXNativeTarget "QuizUITests" */ = {
			isa = XCConfigurationList;
			buildConfigurations = (
				46D971F11C5E55D500A742A9 /* Debug */,
				46D971F21C5E55D500A742A9 /* Release */,
			);
			defaultConfigurationIsVisible = 0;
			defaultConfigurationName = Release;
		};
/* End XCConfigurationList section */
	};
	rootObject = 46D971BA1C5E55D500A742A9 /* Project object */;
}
